# THIS IS AN AUTOGENERATED FILE. DO NOT EDIT THIS FILE DIRECTLY.
# yarn lockfile v1


"@types/randomstring@^1.1.8":
  version "1.1.8"
  resolved "https://registry.yarnpkg.com/@types/randomstring/-/randomstring-1.1.8.tgz#799ce94adbe162964e655df954bf3dc85576747d"
  integrity sha512-NPOJcW+TTjT9Qiog0UjSoG3Sj24c7EfzZO39BU9E61D7fQtwNmBNblyQhSsK9+5s9Fm0o31rvX+ZyZkpE/c7jA==

"@types/uuid@^9.0.2":
  version "9.0.2"
  resolved "https://registry.yarnpkg.com/@types/uuid/-/uuid-9.0.2.tgz#ede1d1b1e451548d44919dc226253e32a6952c4b"
  integrity sha512-kNnC1GFBLuhImSnV7w4njQkUiJi0ZXUycu1rUaouPqiKlXkh77JKgdRnTAp1x5eBwcIwbtI+3otwzuIDEuDoxQ==

randombytes@2.0.3:
  version "2.0.3"
  resolved "https://registry.yarnpkg.com/randombytes/-/randombytes-2.0.3.tgz#674c99760901c3c4112771a31e521dc349cc09ec"
  integrity sha512-lDVjxQQFoCG1jcrP06LNo2lbWp4QTShEXnhActFBwYuHprllQV6VUpwreApsYqCgD+N1mHoqJ/BI/4eV4R2GYg==

randomstring@^1.3.0:
  version "1.3.0"
  resolved "https://registry.yarnpkg.com/randomstring/-/randomstring-1.3.0.tgz#1bf9d730066899e70aee3285573f84708278683d"
  integrity sha512-gY7aQ4i1BgwZ8I1Op4YseITAyiDiajeZOPQUbIq9TPGPhUm5FX59izIaOpmKbME1nmnEiABf28d9K2VSii6BBg==
  dependencies:
    randombytes "2.0.3"

uuid@^9.0.0:
  version "9.0.0"
  resolved "https://registry.yarnpkg.com/uuid/-/uuid-9.0.0.tgz#592f550650024a38ceb0c562f2f6aa435761efb5"
  integrity sha512-MXcSTerfPa4uqyzStbRoTgt5XIe3x5+42+q1sDuy3R5MDk66URdLMOZe5aPX/SQd+kuYAh0FdP/pO28IkQyTeg==
